
Microsoft Visual Studio Solution File, Format Version 12.00
# Visual Studio 2012
Project("{FAE04EC0-301F-11D3-BF4B-00C04F79EFBC}") = "FaceRecognitionsSystem", "KSLR_R_FaceRecognitionsSystem\FaceRecognitionsSystem.csproj", "{7B26B089-CC49-4E61-8F1C-2109BDAD0A36}"
EndProject
Global
	GlobalSection(SolutionConfigurationPlatforms) = preSolution
		Debug|Any CPU = Debug|Any CPU
		Release|Any CPU = Release|Any CPU
	EndGlobalSection
	GlobalSection(ProjectConfigurationPlatforms) = postSolution
		{7B26B089-CC49-4E61-8F1C-2109BDAD0A36}.Debug|Any CPU.ActiveCfg = Debug|Any CPU
		{7B26B089-CC49-4E61-8F1C-2109BDAD0A36}.Debug|Any CPU.Build.0 = Debug|Any CPU
		{7B26B089-CC49-4E61-8F1C-2109BDAD0A36}.Release|Any CPU.ActiveCfg = Release|Any CPU
		{7B26B089-CC49-4E61-8F1C-2109BDAD0A36}.Release|Any CPU.Build.0 = Release|Any CPU
	EndGlobalSection
	GlobalSection(SolutionProperties) = preSolution
		HideSolutionNode = FALSE
	EndGlobalSection
	GlobalSection(ExtensibilityGlobals) = postSolution
		SolutionGuid = {C1BF6646-F216-42A9-A0D8-76CB89FE02D7}
	EndGlobalSection
EndGlobal
